
Microsoft Visual Studio Solution File, Format Version 12.00
# Visual Studio Version 17
VisualStudioVersion = 17.4.33403.182
MinimumVisualStudioVersion = 10.0.40219.1
Project("{9A19103F-16F7-4668-BE54-9A1E7A4F7556}") = "LMS.API", "LMS.API\LMS.API.csproj", "{2535AECC-66FE-447D-866B-2C52F6AD7200}"
EndProject
Project("{9A19103F-16F7-4668-BE54-9A1E7A4F7556}") = "LMS.Core", "LMS.Core\LMS.Core.csproj", "{9FBFA4DD-8778-4B2B-8870-F708B43F2721}"
EndProject
Project("{9A19103F-16F7-4668-BE54-9A1E7A4F7556}") = "LMS.Application", "LMS.Application\LMS.Application.csproj", "{483E2735-4D61-4D31-A82A-644334353096}"
EndProject
Project("{9A19103F-16F7-4668-BE54-9A1E7A4F7556}") = "LMS.Infrastructure", "LMS.Infrastructure\LMS.Infrastructure.csproj", "{8F30B6A8-595F-468D-A168-6ED292E96162}"
EndProject
Global
	GlobalSection(SolutionConfigurationPlatforms) = preSolution
		Debug|Any CPU = Debug|Any CPU
		Release|Any CPU = Release|Any CPU
	EndGlobalSection
	GlobalSection(ProjectConfigurationPlatforms) = postSolution
		{2535AECC-66FE-447D-866B-2C52F6AD7200}.Debug|Any CPU.ActiveCfg = Debug|Any CPU
		{2535AECC-66FE-447D-866B-2C52F6AD7200}.Debug|Any CPU.Build.0 = Debug|Any CPU
		{2535AECC-66FE-447D-866B-2C52F6AD7200}.Release|Any CPU.ActiveCfg = Release|Any CPU
		{2535AECC-66FE-447D-866B-2C52F6AD7200}.Release|Any CPU.Build.0 = Release|Any CPU
		{9FBFA4DD-8778-4B2B-8870-F708B43F2721}.Debug|Any CPU.ActiveCfg = Debug|Any CPU
		{9FBFA4DD-8778-4B2B-8870-F708B43F2721}.Debug|Any CPU.Build.0 = Debug|Any CPU
		{9FBFA4DD-8778-4B2B-8870-F708B43F2721}.Release|Any CPU.ActiveCfg = Release|Any CPU
		{9FBFA4DD-8778-4B2B-8870-F708B43F2721}.Release|Any CPU.Build.0 = Release|Any CPU
		{483E2735-4D61-4D31-A82A-644334353096}.Debug|Any CPU.ActiveCfg = Debug|Any CPU
		{483E2735-4D61-4D31-A82A-644334353096}.Debug|Any CPU.Build.0 = Debug|Any CPU
		{483E2735-4D61-4D31-A82A-644334353096}.Release|Any CPU.ActiveCfg = Release|Any CPU
		{483E2735-4D61-4D31-A82A-644334353096}.Release|Any CPU.Build.0 = Release|Any CPU
		{8F30B6A8-595F-468D-A168-6ED292E96162}.Debug|Any CPU.ActiveCfg = Debug|Any CPU
		{8F30B6A8-595F-468D-A168-6ED292E96162}.Debug|Any CPU.Build.0 = Debug|Any CPU
		{8F30B6A8-595F-468D-A168-6ED292E96162}.Release|Any CPU.ActiveCfg = Release|Any CPU
		{8F30B6A8-595F-468D-A168-6ED292E96162}.Release|Any CPU.Build.0 = Release|Any CPU
	EndGlobalSection
	GlobalSection(SolutionProperties) = preSolution
		HideSolutionNode = FALSE
	EndGlobalSection
	GlobalSection(ExtensibilityGlobals) = postSolution
		SolutionGuid = {B4C62613-C9B4-42B7-9B75-467DA3EE8466}
	EndGlobalSection
EndGlobal
